{
 "graph_lock": {
  "nodes": {
   "0": {
    "options": "boost:asio_no_deprecated=False\nboost:bzip2=True\nboost:debug_level=0\nboost:error_code_header_only=False\nboost:extra_b2_flags=None\nboost:fPIC=True\nboost:filesystem_no_deprecated=False\nboost:header_only=False\nboost:i18n_backend=iconv\nboost:layout=system\nboost:lzma=False\nboost:magic_autolink=False\nboost:multithreading=True\nboost:namespace=boost\nboost:namespace_alias=False\nboost:pch=True\nboost:python_executable=None\nboost:python_version=None\nboost:segmented_stacks=False\nboost:shared=False\nboost:system_no_deprecated=False\nboost:without_atomic=False\nboost:without_chrono=False\nboost:without_container=False\nboost:without_context=False\nboost:without_contract=False\nboost:without_coroutine=False\nboost:without_date_time=False\nboost:without_exception=False\nboost:without_fiber=False\nboost:without_filesystem=False\nboost:without_graph=False\nboost:without_graph_parallel=False\nboost:without_iostreams=False\nboost:without_locale=False\nboost:without_log=False\nboost:without_math=False\nboost:without_mpi=False\nboost:without_program_options=False\nboost:without_python=True\nboost:without_random=False\nboost:without_regex=False\nboost:without_serialization=False\nboost:without_stacktrace=False\nboost:without_system=False\nboost:without_test=False\nboost:without_thread=False\nboost:without_timer=False\nboost:without_type_erasure=False\nboost:without_wave=False\nboost:zlib=True\nboost:zstd=False\nbzip2:build_executable=True\nbzip2:fPIC=True\nbzip2:shared=False\nflac:fPIC=True\nflac:shared=False\nflac:use_asm=False\nfreetype:fPIC=True\nfreetype:shared=False\nfreetype:with_bzip2=True\nfreetype:with_png=True\nfreetype:with_zlib=True\nlibalsa:disable_python=True\nlibalsa:fPIC=True\nlibalsa:shared=False\nlibpng:fPIC=True\nlibpng:shared=False\nogg:fPIC=True\nogg:shared=False\nopenal:fPIC=True\nopenal:shared=False\nsfml:audio=True\nsfml:fPIC=True\nsfml:graphics=True\nsfml:network=True\nsfml:shared=False\nsfml:window=True\nvorbis:fPIC=True\nvorbis:shared=False\nzlib:fPIC=True\nzlib:minizip=False\nzlib:shared=False",
    "requires": [
     "1",
     "2",
     "3",
     "4"
    ],
    "path": "conanfile.txt",
    "context": "host"
   },
   "1": {
    "ref": "zlib/1.2.11@conan/stable",
    "options": "fPIC=True\nminizip=False\nshared=False",
    "package_id": "19729b9559f3ae196cad45cb2b97468ccb75dcd1",
    "prev": "0",
    "modified": true,
    "context": "host"
   },
   "2": {
    "ref": "bzip2/1.0.6@conan/stable",
    "options": "build_executable=True\nfPIC=True\nshared=False",
    "package_id": "91a8b22c2c5a149bc617cfc06cdd21bf23b12567",
    "prev": "0",
    "modified": true,
    "context": "host"
   },
   "3": {
    "ref": "boost/1.74.0",
    "options": "asio_no_deprecated=False\nbzip2=True\ndebug_level=0\nerror_code_header_only=False\nextra_b2_flags=None\nfPIC=True\nfilesystem_no_deprecated=False\nheader_only=False\ni18n_backend=iconv\nlayout=system\nlzma=False\nmagic_autolink=False\nmultithreading=True\nnamespace=boost\nnamespace_alias=False\npch=True\npython_executable=None\npython_version=None\nsegmented_stacks=False\nshared=False\nsystem_no_deprecated=False\nwithout_atomic=False\nwithout_chrono=False\nwithout_container=False\nwithout_context=False\nwithout_contract=False\nwithout_coroutine=False\nwithout_date_time=False\nwithout_exception=False\nwithout_fiber=False\nwithout_filesystem=False\nwithout_graph=False\nwithout_graph_parallel=False\nwithout_iostreams=False\nwithout_locale=False\nwithout_log=False\nwithout_math=False\nwithout_mpi=False\nwithout_program_options=False\nwithout_python=True\nwithout_random=False\nwithout_regex=False\nwithout_serialization=False\nwithout_stacktrace=False\nwithout_system=False\nwithout_test=False\nwithout_thread=False\nwithout_timer=False\nwithout_type_erasure=False\nwithout_wave=False\nzlib=True\nzstd=False\nbzip2:build_executable=True\nbzip2:fPIC=True\nbzip2:shared=False\nzlib:fPIC=True\nzlib:minizip=False\nzlib:shared=False",
    "package_id": "f23a50dd8228d3112abbd1b18b32de85dd4d00a6",
    "prev": "0",
    "requires": [
     "1",
     "2"
    ],
    "context": "host"
   },
   "4": {
    "ref": "sfml/2.5.1@bincrafters/stable",
    "options": "audio=True\nfPIC=True\ngraphics=True\nnetwork=True\nshared=False\nwindow=True\nbzip2:build_executable=True\nbzip2:fPIC=True\nbzip2:shared=False\nflac:fPIC=True\nflac:shared=False\nflac:use_asm=False\nfreetype:fPIC=True\nfreetype:shared=False\nfreetype:with_bzip2=True\nfreetype:with_png=True\nfreetype:with_zlib=True\nlibalsa:disable_python=True\nlibalsa:fPIC=True\nlibalsa:shared=False\nlibpng:fPIC=True\nlibpng:shared=False\nogg:fPIC=True\nogg:shared=False\nopenal:fPIC=True\nopenal:shared=False\nvorbis:fPIC=True\nvorbis:shared=False\nzlib:fPIC=True\nzlib:minizip=False\nzlib:shared=False",
    "package_id": "2e4d29cef13dcabf2a7bb5b906d5ffa62b9bc641",
    "prev": "0",
    "modified": true,
    "requires": [
     "5",
     "7",
     "8",
     "10",
     "11",
     "12"
    ],
    "context": "host"
   },
   "5": {
    "ref": "freetype/2.9.0@bincrafters/stable",
    "options": "fPIC=True\nshared=False\nwith_bzip2=True\nwith_png=True\nwith_zlib=True\nbzip2:build_executable=True\nbzip2:fPIC=True\nbzip2:shared=False\nlibpng:fPIC=True\nlibpng:shared=False\nzlib:fPIC=True\nzlib:minizip=False\nzlib:shared=False",
    "package_id": "af0209aed453aaecfeb6401e9ac3621766498610",
    "prev": "0",
    "modified": true,
    "requires": [
     "6",
     "1",
     "2"
    ],
    "context": "host"
   },
   "6": {
    "ref": "libpng/1.6.34@bincrafters/stable",
    "options": "fPIC=True\nshared=False\nzlib:fPIC=True\nzlib:minizip=False\nzlib:shared=False",
    "package_id": "d8b88b49d6e7691941997f64ad700b4308d0ed8c",
    "prev": "0",
    "modified": true,
    "requires": [
     "1"
    ],
    "context": "host"
   },
   "7": {
    "ref": "stb/20180214@conan/stable",
    "options": "",
    "package_id": "5ab84d6acfe1f23c4fae0ab88f26e3a396351ac9",
    "prev": "0",
    "context": "host"
   },
   "8": {
    "ref": "openal/1.19.0@bincrafters/stable",
    "options": "fPIC=True\nshared=False\nlibalsa:disable_python=True\nlibalsa:fPIC=True\nlibalsa:shared=False",
    "package_id": "b971b2aa3a64ea42480c2195c692f93bbf878fc8",
    "prev": "0",
    "modified": true,
    "requires": [
     "9"
    ],
    "context": "host"
   },
   "9": {
    "ref": "libalsa/1.1.5@conan/stable",
    "options": "disable_python=True\nfPIC=True\nshared=False",
    "package_id": "51e96d1346424f5ef647616231906873cd225eb3",
    "prev": "0",
    "modified": true,
    "context": "host"
   },
   "10": {
    "ref": "flac/1.3.2@bincrafters/stable",
    "options": "fPIC=True\nshared=False\nuse_asm=False\nogg:fPIC=True\nogg:shared=False",
    "package_id": "2c7e03b511b6c441dcef1045ca0020a42702472e",
    "prev": "0",
    "modified": true,
    "requires": [
     "11"
    ],
    "context": "host"
   },
   "11": {
    "ref": "ogg/1.3.3@bincrafters/stable",
    "options": "fPIC=True\nshared=False",
    "package_id": "19729b9559f3ae196cad45cb2b97468ccb75dcd1",
    "prev": "0",
    "modified": true,
    "context": "host"
   },
   "12": {
    "ref": "vorbis/1.3.6@bincrafters/stable",
    "options": "fPIC=True\nshared=False\nogg:fPIC=True\nogg:shared=False",
    "package_id": "6e4bc3ab815736fa7c637f569f101e1193ddb5da",
    "prev": "0",
    "modified": true,
    "requires": [
     "11"
    ],
    "context": "host"
   }
  },
  "revisions_enabled": false
 },
 "version": "0.4",
 "profile_host": "[settings]\narch=x86_64\narch_build=x86_64\nbuild_type=Release\ncompiler=gcc\ncompiler.libcxx=libstdc++\ncompiler.version=10\nos=Linux\nos_build=Linux\n[options]\n[build_requires]\n[env]\n"
}